
Microsoft Visual Studio Solution File, Format Version 12.00
# Visual Studio 15
VisualStudioVersion = 15.0.26124.0
MinimumVisualStudioVersion = 15.0.26124.0
Project("{FAE04EC0-301F-11D3-BF4B-00C04F79EFBC}") = "Clipper.Domain", "Clipper.Domain\Clipper.Domain.csproj", "{02CD9C41-2820-4CF4-87AA-E9D788388488}"
EndProject
Project("{FAE04EC0-301F-11D3-BF4B-00C04F79EFBC}") = "Clipper.Domain.Test", "Clipper.Domain.Test\Clipper.Domain.Test.csproj", "{75CC22EB-D4CC-4083-B9CA-FC97317221A2}"
EndProject
Project("{FAE04EC0-301F-11D3-BF4B-00C04F79EFBC}") = "Clipper.Services", "Clipper.Services\Clipper.Services.csproj", "{83D03A34-739E-4190-AB7E-47EDDFEC56F2}"
EndProject
Project("{FAE04EC0-301F-11D3-BF4B-00C04F79EFBC}") = "Clipper.Services.Test", "Clipper.Services.Test\Clipper.Services.Test.csproj", "{32A0DE80-B2D8-4D56-84AB-5B42DB21E681}"
EndProject
Project("{FAE04EC0-301F-11D3-BF4B-00C04F79EFBC}") = "Clipper.Mvc", "Clipper.Mvc\Clipper.Mvc.csproj", "{3065B64A-EE97-4024-8ADE-FEEE727C6B75}"
EndProject
Global
	GlobalSection(SolutionConfigurationPlatforms) = preSolution
		Debug|Any CPU = Debug|Any CPU
		Debug|x64 = Debug|x64
		Debug|x86 = Debug|x86
		Release|Any CPU = Release|Any CPU
		Release|x64 = Release|x64
		Release|x86 = Release|x86
	EndGlobalSection
	GlobalSection(SolutionProperties) = preSolution
		HideSolutionNode = FALSE
	EndGlobalSection
	GlobalSection(ProjectConfigurationPlatforms) = postSolution
		{02CD9C41-2820-4CF4-87AA-E9D788388488}.Debug|Any CPU.ActiveCfg = Debug|Any CPU
		{02CD9C41-2820-4CF4-87AA-E9D788388488}.Debug|Any CPU.Build.0 = Debug|Any CPU
		{02CD9C41-2820-4CF4-87AA-E9D788388488}.Debug|x64.ActiveCfg = Debug|Any CPU
		{02CD9C41-2820-4CF4-87AA-E9D788388488}.Debug|x64.Build.0 = Debug|Any CPU
		{02CD9C41-2820-4CF4-87AA-E9D788388488}.Debug|x86.ActiveCfg = Debug|Any CPU
		{02CD9C41-2820-4CF4-87AA-E9D788388488}.Debug|x86.Build.0 = Debug|Any CPU
		{02CD9C41-2820-4CF4-87AA-E9D788388488}.Release|Any CPU.ActiveCfg = Release|Any CPU
		{02CD9C41-2820-4CF4-87AA-E9D788388488}.Release|Any CPU.Build.0 = Release|Any CPU
		{02CD9C41-2820-4CF4-87AA-E9D788388488}.Release|x64.ActiveCfg = Release|Any CPU
		{02CD9C41-2820-4CF4-87AA-E9D788388488}.Release|x64.Build.0 = Release|Any CPU
		{02CD9C41-2820-4CF4-87AA-E9D788388488}.Release|x86.ActiveCfg = Release|Any CPU
		{02CD9C41-2820-4CF4-87AA-E9D788388488}.Release|x86.Build.0 = Release|Any CPU
		{75CC22EB-D4CC-4083-B9CA-FC97317221A2}.Debug|Any CPU.ActiveCfg = Debug|Any CPU
		{75CC22EB-D4CC-4083-B9CA-FC97317221A2}.Debug|Any CPU.Build.0 = Debug|Any CPU
		{75CC22EB-D4CC-4083-B9CA-FC97317221A2}.Debug|x64.ActiveCfg = Debug|Any CPU
		{75CC22EB-D4CC-4083-B9CA-FC97317221A2}.Debug|x64.Build.0 = Debug|Any CPU
		{75CC22EB-D4CC-4083-B9CA-FC97317221A2}.Debug|x86.ActiveCfg = Debug|Any CPU
		{75CC22EB-D4CC-4083-B9CA-FC97317221A2}.Debug|x86.Build.0 = Debug|Any CPU
		{75CC22EB-D4CC-4083-B9CA-FC97317221A2}.Release|Any CPU.ActiveCfg = Release|Any CPU
		{75CC22EB-D4CC-4083-B9CA-FC97317221A2}.Release|Any CPU.Build.0 = Release|Any CPU
		{75CC22EB-D4CC-4083-B9CA-FC97317221A2}.Release|x64.ActiveCfg = Release|Any CPU
		{75CC22EB-D4CC-4083-B9CA-FC97317221A2}.Release|x64.Build.0 = Release|Any CPU
		{75CC22EB-D4CC-4083-B9CA-FC97317221A2}.Release|x86.ActiveCfg = Release|Any CPU
		{75CC22EB-D4CC-4083-B9CA-FC97317221A2}.Release|x86.Build.0 = Release|Any CPU
		{83D03A34-739E-4190-AB7E-47EDDFEC56F2}.Debug|Any CPU.ActiveCfg = Debug|Any CPU
		{83D03A34-739E-4190-AB7E-47EDDFEC56F2}.Debug|Any CPU.Build.0 = Debug|Any CPU
		{83D03A34-739E-4190-AB7E-47EDDFEC56F2}.Debug|x64.ActiveCfg = Debug|Any CPU
		{83D03A34-739E-4190-AB7E-47EDDFEC56F2}.Debug|x64.Build.0 = Debug|Any CPU
		{83D03A34-739E-4190-AB7E-47EDDFEC56F2}.Debug|x86.ActiveCfg = Debug|Any CPU
		{83D03A34-739E-4190-AB7E-47EDDFEC56F2}.Debug|x86.Build.0 = Debug|Any CPU
		{83D03A34-739E-4190-AB7E-47EDDFEC56F2}.Release|Any CPU.ActiveCfg = Release|Any CPU
		{83D03A34-739E-4190-AB7E-47EDDFEC56F2}.Release|Any CPU.Build.0 = Release|Any CPU
		{83D03A34-739E-4190-AB7E-47EDDFEC56F2}.Release|x64.ActiveCfg = Release|Any CPU
		{83D03A34-739E-4190-AB7E-47EDDFEC56F2}.Release|x64.Build.0 = Release|Any CPU
		{83D03A34-739E-4190-AB7E-47EDDFEC56F2}.Release|x86.ActiveCfg = Release|Any CPU
		{83D03A34-739E-4190-AB7E-47EDDFEC56F2}.Release|x86.Build.0 = Release|Any CPU
		{32A0DE80-B2D8-4D56-84AB-5B42DB21E681}.Debug|Any CPU.ActiveCfg = Debug|Any CPU
		{32A0DE80-B2D8-4D56-84AB-5B42DB21E681}.Debug|Any CPU.Build.0 = Debug|Any CPU
		{32A0DE80-B2D8-4D56-84AB-5B42DB21E681}.Debug|x64.ActiveCfg = Debug|Any CPU
		{32A0DE80-B2D8-4D56-84AB-5B42DB21E681}.Debug|x64.Build.0 = Debug|Any CPU
		{32A0DE80-B2D8-4D56-84AB-5B42DB21E681}.Debug|x86.ActiveCfg = Debug|Any CPU
		{32A0DE80-B2D8-4D56-84AB-5B42DB21E681}.Debug|x86.Build.0 = Debug|Any CPU
		{32A0DE80-B2D8-4D56-84AB-5B42DB21E681}.Release|Any CPU.ActiveCfg = Release|Any CPU
		{32A0DE80-B2D8-4D56-84AB-5B42DB21E681}.Release|Any CPU.Build.0 = Release|Any CPU
		{32A0DE80-B2D8-4D56-84AB-5B42DB21E681}.Release|x64.ActiveCfg = Release|Any CPU
		{32A0DE80-B2D8-4D56-84AB-5B42DB21E681}.Release|x64.Build.0 = Release|Any CPU
		{32A0DE80-B2D8-4D56-84AB-5B42DB21E681}.Release|x86.ActiveCfg = Release|Any CPU
		{32A0DE80-B2D8-4D56-84AB-5B42DB21E681}.Release|x86.Build.0 = Release|Any CPU
		{3065B64A-EE97-4024-8ADE-FEEE727C6B75}.Debug|Any CPU.ActiveCfg = Debug|Any CPU
		{3065B64A-EE97-4024-8ADE-FEEE727C6B75}.Debug|Any CPU.Build.0 = Debug|Any CPU
		{3065B64A-EE97-4024-8ADE-FEEE727C6B75}.Debug|x64.ActiveCfg = Debug|Any CPU
		{3065B64A-EE97-4024-8ADE-FEEE727C6B75}.Debug|x64.Build.0 = Debug|Any CPU
		{3065B64A-EE97-4024-8ADE-FEEE727C6B75}.Debug|x86.ActiveCfg = Debug|Any CPU
		{3065B64A-EE97-4024-8ADE-FEEE727C6B75}.Debug|x86.Build.0 = Debug|Any CPU
		{3065B64A-EE97-4024-8ADE-FEEE727C6B75}.Release|Any CPU.ActiveCfg = Release|Any CPU
		{3065B64A-EE97-4024-8ADE-FEEE727C6B75}.Release|Any CPU.Build.0 = Release|Any CPU
		{3065B64A-EE97-4024-8ADE-FEEE727C6B75}.Release|x64.ActiveCfg = Release|Any CPU
		{3065B64A-EE97-4024-8ADE-FEEE727C6B75}.Release|x64.Build.0 = Release|Any CPU
		{3065B64A-EE97-4024-8ADE-FEEE727C6B75}.Release|x86.ActiveCfg = Release|Any CPU
		{3065B64A-EE97-4024-8ADE-FEEE727C6B75}.Release|x86.Build.0 = Release|Any CPU
	EndGlobalSection
EndGlobal
